// !$*UTF8*$!
{
	archiveVersion = 1;
	classes = {
	};
	objectVersion = 56;
	objects = {

/* Begin PBXBuildFile section */
		BC0B4FBA2AD78558009C93CD /* AppDelegate.swift in Sources */ = {isa = PBXBuildFile; fileRef = BC0B4FB92AD78558009C93CD /* AppDelegate.swift */; };
		BC0B4FBC2AD78558009C93CD /* SceneDelegate.swift in Sources */ = {isa = PBXBuildFile; fileRef = BC0B4FBB2AD78558009C93CD /* SceneDelegate.swift */; };
		BC0B4FBE2AD78558009C93CD /* baseScreen.swift in Sources */ = {isa = PBXBuildFile; fileRef = BC0B4FBD2AD78558009C93CD /* baseScreen.swift */; };
		BC0B4FC12AD78558009C93CD /* Main.storyboard in Resources */ = {isa = PBXBuildFile; fileRef = BC0B4FBF2AD78558009C93CD /* Main.storyboard */; };
		BC0B4FC32AD78559009C93CD /* Assets.xcassets in Resources */ = {isa = PBXBuildFile; fileRef = BC0B4FC22AD78559009C93CD /* Assets.xcassets */; };
		BC0B4FC62AD78559009C93CD /* LaunchScreen.storyboard in Resources */ = {isa = PBXBuildFile; fileRef = BC0B4FC42AD78559009C93CD /* LaunchScreen.storyboard */; };
		BC0B4FCE2AD787F7009C93CD /* selectionScreen.swift in Sources */ = {isa = PBXBuildFile; fileRef = BC0B4FCD2AD787F7009C93CD /* selectionScreen.swift */; };
/* End PBXBuildFile section */

/* Begin PBXFileReference section */
		BC0B4FB62AD78558009C93CD /* delegatePracticas.app */ = {isa = PBXFileReference; explicitFileType = wrapper.application; includeInIndex = 0; path = delegatePracticas.app; sourceTree = BUILT_PRODUCTS_DIR; };
		BC0B4FB92AD78558009C93CD /* AppDelegate.swift */ = {isa = PBXFileReference; lastKnownFileType = sourcecode.swift; path = AppDelegate.swift; sourceTree = "<group>"; };
		BC0B4FBB2AD78558009C93CD /* SceneDelegate.swift */ = {isa = PBXFileReference; lastKnownFileType = sourcecode.swift; path = SceneDelegate.swift; sourceTree = "<group>"; };
		BC0B4FBD2AD78558009C93CD /* baseScreen.swift */ = {isa = PBXFileReference; lastKnownFileType = sourcecode.swift; path = baseScreen.swift; sourceTree = "<group>"; };
		BC0B4FC02AD78558009C93CD /* Base */ = {isa = PBXFileReference; lastKnownFileType = file.storyboard; name = Base; path = Base.lproj/Main.storyboard; sourceTree = "<group>"; };
		BC0B4FC22AD78559009C93CD /* Assets.xcassets */ = {isa = PBXFileReference; lastKnownFileType = folder.assetcatalog; path = Assets.xcassets; sourceTree = "<group>"; };
		BC0B4FC52AD78559009C93CD /* Base */ = {isa = PBXFileReference; lastKnownFileType = file.storyboard; name = Base; path = Base.lproj/LaunchScreen.storyboard; sourceTree = "<group>"; };
		BC0B4FC72AD78559009C93CD /* Info.plist */ = {isa = PBXFileReference; lastKnownFileType = text.plist.xml; path = Info.plist; sourceTree = "<group>"; };
		BC0B4FCD2AD787F7009C93CD /* selectionScreen.swift */ = {isa = PBXFileReference; lastKnownFileType = sourcecode.swift; path = selectionScreen.swift; sourceTree = "<group>"; };
/* End PBXFileReference section */

/* Begin PBXFrameworksBuildPhase section */
		BC0B4FB32AD78558009C93CD /* Frameworks */ = {
			isa = PBXFrameworksBuildPhase;
			buildActionMask = 2147483647;
			files = (
			);
			runOnlyForDeploymentPostprocessing = 0;
		};
/* End PBXFrameworksBuildPhase section */

/* Begin PBXGroup section */
		BC0B4FAD2AD78558009C93CD = {
			isa = PBXGroup;
			children = (
				BC0B4FB82AD78558009C93CD /* delegatePracticas */,
				BC0B4FB72AD78558009C93CD /* Products */,
			);
			sourceTree = "<group>";
		};
		BC0B4FB72AD78558009C93CD /* Products */ = {
			isa = PBXGroup;
			children = (
				BC0B4FB62AD78558009C93CD /* delegatePracticas.app */,
			);
			name = Products;
			sourceTree = "<group>";
		};
		BC0B4FB82AD78558009C93CD /* delegatePracticas */ = {
			isa = PBXGroup;
			children = (
				BC0B4FB92AD78558009C93CD /* AppDelegate.swift */,
				BC0B4FCD2AD787F7009C93CD /* selectionScreen.swift */,
				BC0B4FBB2AD78558009C93CD /* SceneDelegate.swift */,
				BC0B4FBD2AD78558009C93CD /* baseScreen.swift */,
				BC0B4FBF2AD78558009C93CD /* Main.storyboard */,
				BC0B4FC22AD78559009C93CD /* Assets.xcassets */,
				BC0B4FC42AD78559009C93CD /* LaunchScreen.storyboard */,
				BC0B4FC72AD78559009C93CD /* Info.plist */,
			);
			path = delegatePracticas;
			sourceTree = "<group>";
		};
/* End PBXGroup section */

/* Begin PBXNativeTarget section */
		BC0B4FB52AD78558009C93CD /* delegatePracticas */ = {
			isa = PBXNativeTarget;
			buildConfigurationList = BC0B4FCA2AD78559009C93CD /* Build configuration list for PBXNativeTarget "delegatePracticas" */;
			buildPhases = (
				BC0B4FB22AD78558009C93CD /* Sources */,
				BC0B4FB32AD78558009C93CD /* Frameworks */,
				BC0B4FB42AD78558009C93CD /* Resources */,
			);
			buildRules = (
			);
			dependencies = (
			);
			name = delegatePracticas;
			productName = delegatePracticas;
			productReference = BC0B4FB62AD78558009C93CD /* delegatePracticas.app */;
			productType = "com.apple.product-type.application";
		};
/* End PBXNativeTarget section */

/* Begin PBXProject section */
		BC0B4FAE2AD78558009C93CD /* Project object */ = {
			isa = PBXProject;
			attributes = {
				BuildIndependentTargetsInParallel = 1;
				LastSwiftUpdateCheck = 1500;
				LastUpgradeCheck = 1500;
				TargetAttributes = {
					BC0B4FB52AD78558009C93CD = {
						CreatedOnToolsVersion = 15.0;
					};
				};
			};
			buildConfigurationList = BC0B4FB12AD78558009C93CD /* Build configuration list for PBXProject "delegatePracticas" */;
			compatibilityVersion = "Xcode 14.0";
			developmentRegion = en;
			hasScannedForEncodings = 0;
			knownRegions = (
				en,
				Base,
			);
			mainGroup = BC0B4FAD2AD78558009C93CD;
			productRefGroup = BC0B4FB72AD78558009C93CD /* Products */;
			projectDirPath = "";
			projectRoot = "";
			targets = (
				BC0B4FB52AD78558009C93CD /* delegatePracticas */,
			);
		};
/* End PBXProject section */

/* Begin PBXResourcesBuildPhase section */
		BC0B4FB42AD78558009C93CD /* Resources */ = {
			isa = PBXResourcesBuildPhase;
			buildActionMask = 2147483647;
			files = (
				BC0B4FC62AD78559009C93CD /* LaunchScreen.storyboard in Resources */,
				BC0B4FC32AD78559009C93CD /* Assets.xcassets in Resources */,
				BC0B4FC12AD78558009C93CD /* Main.storyboard in Resources */,
			);
			runOnlyForDeploymentPostprocessing = 0;
		};
/* End PBXResourcesBuildPhase section */

/* Begin PBXSourcesBuildPhase section */
		BC0B4FB22AD78558009C93CD /* Sources */ = {
			isa = PBXSourcesBuildPhase;
			buildActionMask = 2147483647;
			files = (
				BC0B4FBE2AD78558009C93CD /* baseScreen.swift in Sources */,
				BC0B4FBA2AD78558009C93CD /* AppDelegate.swift in Sources */,
				BC0B4FCE2AD787F7009C93CD /* selectionScreen.swift in Sources */,
				BC0B4FBC2AD78558009C93CD /* SceneDelegate.swift in Sources */,
			);
			runOnlyForDeploymentPostprocessing = 0;
		};
/* End PBXSourcesBuildPhase section */

/* Begin PBXVariantGroup section */
		BC0B4FBF2AD78558009C93CD /* Main.storyboard */ = {
			isa = PBXVariantGroup;
			children = (
				BC0B4FC02AD78558009C93CD /* Base */,
			);
			name = Main.storyboard;
			sourceTree = "<group>";
		};
		BC0B4FC42AD78559009C93CD /* LaunchScreen.storyboard */ = {
			isa = PBXVariantGroup;
			children = (
				BC0B4FC52AD78559009C93CD /* Base */,
			);
			name = LaunchScreen.storyboard;
			sourceTree = "<group>";
		};
/* End PBXVariantGroup section */

/* Begin XCBuildConfiguration section */
		BC0B4FC82AD78559009C93CD /* Debug */ = {
			isa = XCBuildConfiguration;
			buildSettings = {
				ALWAYS_SEARCH_USER_PATHS = NO;
				ASSETCATALOG_COMPILER_GENERATE_SWIFT_ASSET_SYMBOL_EXTENSIONS = YES;
				CLANG_ANALYZER_NONNULL = YES;
				CLANG_ANALYZER_NUMBER_OBJECT_CONVERSION = YES_AGGRESSIVE;
				CLANG_CXX_LANGUAGE_STANDARD = "gnu++20";
				CLANG_ENABLE_MODULES = YES;
				CLANG_ENABLE_OBJC_ARC = YES;
				CLANG_ENABLE_OBJC_WEAK = YES;
				CLANG_WARN_BLOCK_CAPTURE_AUTORELEASING = YES;
				CLANG_WARN_BOOL_CONVERSION = YES;
				CLANG_WARN_COMMA = YES;
				CLANG_WARN_CONSTANT_CONVERSION = YES;
				CLANG_WARN_DEPRECATED_OBJC_IMPLEMENTATIONS = YES;
				CLANG_WARN_DIRECT_OBJC_ISA_USAGE = YES_ERROR;
				CLANG_WARN_DOCUMENTATION_COMMENTS = YES;
				CLANG_WARN_EMPTY_BODY = YES;
				CLANG_WARN_ENUM_CONVERSION = YES;
				CLANG_WARN_INFINITE_RECURSION = YES;
				CLANG_WARN_INT_CONVERSION = YES;
				CLANG_WARN_NON_LITERAL_NULL_CONVERSION = YES;
				CLANG_WARN_OBJC_IMPLICIT_RETAIN_SELF = YES;
				CLANG_WARN_OBJC_LITERAL_CONVERSION = YES;
				CLANG_WARN_OBJC_ROOT_CLASS = YES_ERROR;
				CLANG_WARN_QUOTED_INCLUDE_IN_FRAMEWORK_HEADER = YES;
				CLANG_WARN_RANGE_LOOP_ANALYSIS = YES;
				CLANG_WARN_STRICT_PROTOTYPES = YES;
				CLANG_WARN_SUSPICIOUS_MOVE = YES;
				CLANG_WARN_UNGUARDED_AVAILABILITY = YES_AGGRESSIVE;
				CLANG_WARN_UNREACHABLE_CODE = YES;
				CLANG_WARN__DUPLICATE_METHOD_MATCH = YES;
				COPY_PHASE_STRIP = NO;
				DEBUG_INFORMATION_FORMAT = dwarf;
				ENABLE_STRICT_OBJC_MSGSEND = YES;
				ENABLE_TESTABILITY = YES;
				ENABLE_USER_SCRIPT_SANDBOXING = YES;
				GCC_C_LANGUAGE_STANDARD = gnu17;
				GCC_DYNAMIC_NO_PIC = NO;
				GCC_NO_COMMON_BLOCKS = YES;
				GCC_OPTIMIZATION_LEVEL = 0;
				GCC_PREPROCESSOR_DEFINITIONS = (
					"DEBUG=1",
					"$(inherited)",
				);
				GCC_WARN_64_TO_32_BIT_CONVERSION = YES;
				GCC_WARN_ABOUT_RETURN_TYPE = YES_ERROR;
				GCC_WARN_UNDECLARED_SELECTOR = YES;
				GCC_WARN_UNINITIALIZED_AUTOS = YES_AGGRESSIVE;
				GCC_WARN_UNUSED_FUNCTION = YES;
				GCC_WARN_UNUSED_VARIABLE = YES;
				IPHONEOS_DEPLOYMENT_TARGET = 17.0;
				LOCALIZATION_PREFERS_STRING_CATALOGS = YES;
				MTL_ENABLE_DEBUG_INFO = INCLUDE_SOURCE;
				MTL_FAST_MATH = YES;
				ONLY_ACTIVE_ARCH = YES;
				SDKROOT = iphoneos;
				SWIFT_ACTIVE_COMPILATION_CONDITIONS = "DEBUG $(inherited)";
				SWIFT_OPTIMIZATION_LEVEL = "-Onone";
			};
			name = Debug;
		};
		BC0B4FC92AD78559009C93CD /* Release */ = {
			isa = XCBuildConfiguration;
			buildSettings = {
				ALWAYS_SEARCH_USER_PATHS = NO;
				ASSETCATALOG_COMPILER_GENERATE_SWIFT_ASSET_SYMBOL_EXTENSIONS = YES;
				CLANG_ANALYZER_NONNULL = YES;
				CLANG_ANALYZER_NUMBER_OBJECT_CONVERSION = YES_AGGRESSIVE;
				CLANG_CXX_LANGUAGE_STANDARD = "gnu++20";
				CLANG_ENABLE_MODULES = YES;
				CLANG_ENABLE_OBJC_ARC = YES;
				CLANG_ENABLE_OBJC_WEAK = YES;
				CLANG_WARN_BLOCK_CAPTURE_AUTORELEASING = YES;
				CLANG_WARN_BOOL_CONVERSION = YES;
				CLANG_WARN_COMMA = YES;
				CLANG_WARN_CONSTANT_CONVERSION = YES;
				CLANG_WARN_DEPRECATED_OBJC_IMPLEMENTATIONS = YES;
				CLANG_WARN_DIRECT_OBJC_ISA_USAGE = YES_ERROR;
				CLANG_WARN_DOCUMENTATION_COMMENTS = YES;
				CLANG_WARN_EMPTY_BODY = YES;
				CLANG_WARN_ENUM_CONVERSION = YES;
				CLANG_WARN_INFINITE_RECURSION = YES;
				CLANG_WARN_INT_CONVERSION = YES;
				CLANG_WARN_NON_LITERAL_NULL_CONVERSION = YES;
				CLANG_WARN_OBJC_IMPLICIT_RETAIN_SELF = YES;
				CLANG_WARN_OBJC_LITERAL_CONVERSION = YES;
				CLANG_WARN_OBJC_ROOT_CLASS = YES_ERROR;
				CLANG_WARN_QUOTED_INCLUDE_IN_FRAMEWORK_HEADER = YES;
				CLANG_WARN_RANGE_LOOP_ANALYSIS = YES;
				CLANG_WARN_STRICT_PROTOTYPES = YES;
				CLANG_WARN_SUSPICIOUS_MOVE = YES;
				CLANG_WARN_UNGUARDED_AVAILABILITY = YES_AGGRESSIVE;
				CLANG_WARN_UNREACHABLE_CODE = YES;
				CLANG_WARN__DUPLICATE_METHOD_MATCH = YES;
				COPY_PHASE_STRIP = NO;
				DEBUG_INFORMATION_FORMAT = "dwarf-with-dsym";
				ENABLE_NS_ASSERTIONS = NO;
				ENABLE_STRICT_OBJC_MSGSEND = YES;
				ENABLE_USER_SCRIPT_SANDBOXING = YES;
				GCC_C_LANGUAGE_STANDARD = gnu17;
				GCC_NO_COMMON_BLOCKS = YES;
				GCC_WARN_64_TO_32_BIT_CONVERSION = YES;
				GCC_WARN_ABOUT_RETURN_TYPE = YES_ERROR;
				GCC_WARN_UNDECLARED_SELECTOR = YES;
				GCC_WARN_UNINITIALIZED_AUTOS = YES_AGGRESSIVE;
				GCC_WARN_UNUSED_FUNCTION = YES;
				GCC_WARN_UNUSED_VARIABLE = YES;
				IPHONEOS_DEPLOYMENT_TARGET = 17.0;
				LOCALIZATION_PREFERS_STRING_CATALOGS = YES;
				MTL_ENABLE_DEBUG_INFO = NO;
				MTL_FAST_MATH = YES;
				SDKROOT = iphoneos;
				SWIFT_COMPILATION_MODE = wholemodule;
				VALIDATE_PRODUCT = YES;
			};
			name = Release;
		};
		BC0B4FCB2AD78559009C93CD /* Debug */ = {
			isa = XCBuildConfiguration;
			buildSettings = {
				ASSETCATALOG_COMPILER_APPICON_NAME = AppIcon;
				ASSETCATALOG_COMPILER_GLOBAL_ACCENT_COLOR_NAME = AccentColor;
				CODE_SIGN_STYLE = Automatic;
				CURRENT_PROJECT_VERSION = 1;
				DEVELOPMENT_TEAM = F5P9753CX2;
				GENERATE_INFOPLIST_FILE = YES;
				INFOPLIST_FILE = delegatePracticas/Info.plist;
				INFOPLIST_KEY_UIApplicationSupportsIndirectInputEvents = YES;
				INFOPLIST_KEY_UILaunchStoryboardName = LaunchScreen;
				INFOPLIST_KEY_UIMainStoryboardFile = Main;
				INFOPLIST_KEY_UISupportedInterfaceOrientations_iPad = "UIInterfaceOrientationPortrait UIInterfaceOrientationPortraitUpsideDown UIInterfaceOrientationLandscapeLeft UIInterfaceOrientationLandscapeRight";
				INFOPLIST_KEY_UISupportedInterfaceOrientations_iPhone = "UIInterfaceOrientationPortrait UIInterfaceOrientationLandscapeLeft UIInterfaceOrientationLandscapeRight";
				LD_RUNPATH_SEARCH_PATHS = (
					"$(inherited)",
					"@executable_path/Frameworks",
				);
				MARKETING_VERSION = 1.0;
				PRODUCT_BUNDLE_IDENTIFIER = Playground.delegatePracticas;
				PRODUCT_NAME = "$(TARGET_NAME)";
				SWIFT_EMIT_LOC_STRINGS = YES;
				SWIFT_VERSION = 5.0;
				TARGETED_DEVICE_FAMILY = "1,2";
			};
			name = Debug;
		};
		BC0B4FCC2AD78559009C93CD /* Release */ = {
			isa = XCBuildConfiguration;
			buildSettings = {
				ASSETCATALOG_COMPILER_APPICON_NAME = AppIcon;
				ASSETCATALOG_COMPILER_GLOBAL_ACCENT_COLOR_NAME = AccentColor;
				CODE_SIGN_STYLE = Automatic;
				CURRENT_PROJECT_VERSION = 1;
				DEVELOPMENT_TEAM = F5P9753CX2;
				GENERATE_INFOPLIST_FILE = YES;
				INFOPLIST_FILE = delegatePracticas/Info.plist;
				INFOPLIST_KEY_UIApplicationSupportsIndirectInputEvents = YES;
				INFOPLIST_KEY_UILaunchStoryboardName = LaunchScreen;
				INFOPLIST_KEY_UIMainStoryboardFile = Main;
				INFOPLIST_KEY_UISupportedInterfaceOrientations_iPad = "UIInterfaceOrientationPortrait UIInterfaceOrientationPortraitUpsideDown UIInterfaceOrientationLandscapeLeft UIInterfaceOrientationLandscapeRight";
				INFOPLIST_KEY_UISupportedInterfaceOrientations_iPhone = "UIInterfaceOrientationPortrait UIInterfaceOrientationLandscapeLeft UIInterfaceOrientationLandscapeRight";
				LD_RUNPATH_SEARCH_PATHS = (
					"$(inherited)",
					"@executable_path/Frameworks",
				);
				MARKETING_VERSION = 1.0;
				PRODUCT_BUNDLE_IDENTIFIER = Playground.delegatePracticas;
				PRODUCT_NAME = "$(TARGET_NAME)";
				SWIFT_EMIT_LOC_STRINGS = YES;
				SWIFT_VERSION = 5.0;
				TARGETED_DEVICE_FAMILY = "1,2";
			};
			name = Release;
		};
/* End XCBuildConfiguration section */

/* Begin XCConfigurationList section */
		BC0B4FB12AD78558009C93CD /* Build configuration list for PBXProject "delegatePracticas" */ = {
			isa = XCConfigurationList;
			buildConfigurations = (
				BC0B4FC82AD78559009C93CD /* Debug */,
				BC0B4FC92AD78559009C93CD /* Release */,
			);
			defaultConfigurationIsVisible = 0;
			defaultConfigurationName = Release;
		};
		BC0B4FCA2AD78559009C93CD /* Build configuration list for PBXNativeTarget "delegatePracticas" */ = {
			isa = XCConfigurationList;
			buildConfigurations = (
				BC0B4FCB2AD78559009C93CD /* Debug */,
				BC0B4FCC2AD78559009C93CD /* Release */,
			);
			defaultConfigurationIsVisible = 0;
			defaultConfigurationName = Release;
		};
/* End XCConfigurationList section */
	};
	rootObject = BC0B4FAE2AD78558009C93CD /* Project object */;
}
